// !$*UTF8*$!
{
	archiveVersion = 1;
	classes = {
	};
	objectVersion = 46;
	objects = {

/* Begin PBXBuildFile section */
		28A35E8C1655216F00A17EA8 /* navbar.png in Resources */ = {isa = PBXBuildFile; fileRef = 28A35E8B1655216F00A17EA8 /* navbar.png */; };
		28A35E9B1655226C00A17EA8 /* AddViewController.m in Sources */ = {isa = PBXBuildFile; fileRef = 28A35E991655226C00A17EA8 /* AddViewController.m */; };
		28A35E9C1655226C00A17EA8 /* AddViewController.xib in Resources */ = {isa = PBXBuildFile; fileRef = 28A35E9A1655226C00A17EA8 /* AddViewController.xib */; };
		28A35E9F165522CB00A17EA8 /* buttonAdd.png in Resources */ = {isa = PBXBuildFile; fileRef = 28A35E9D165522CB00A17EA8 /* buttonAdd.png */; };
		28A35EA0165522CB00A17EA8 /* buttonAdd@2x.png in Resources */ = {isa = PBXBuildFile; fileRef = 28A35E9E165522CB00A17EA8 /* buttonAdd@2x.png */; };
		28A35EA2165522D700A17EA8 /* navbar@2x.png in Resources */ = {isa = PBXBuildFile; fileRef = 28A35EA1165522D700A17EA8 /* navbar@2x.png */; };
		6AE01E321653F998003BFF3C /* UIKit.framework in Frameworks */ = {isa = PBXBuildFile; fileRef = 6AE01E311653F998003BFF3C /* UIKit.framework */; };
		6AE01E341653F998003BFF3C /* Foundation.framework in Frameworks */ = {isa = PBXBuildFile; fileRef = 6AE01E331653F998003BFF3C /* Foundation.framework */; };
		6AE01E361653F998003BFF3C /* CoreGraphics.framework in Frameworks */ = {isa = PBXBuildFile; fileRef = 6AE01E351653F998003BFF3C /* CoreGraphics.framework */; };
		6AE01E3C1653F998003BFF3C /* InfoPlist.strings in Resources */ = {isa = PBXBuildFile; fileRef = 6AE01E3A1653F998003BFF3C /* InfoPlist.strings */; };
		6AE01E3E1653F998003BFF3C /* main.m in Sources */ = {isa = PBXBuildFile; fileRef = 6AE01E3D1653F998003BFF3C /* main.m */; };
		6AE01E421653F998003BFF3C /* AppDelegate.m in Sources */ = {isa = PBXBuildFile; fileRef = 6AE01E411653F998003BFF3C /* AppDelegate.m */; };
		6AE01E441653F998003BFF3C /* Default.png in Resources */ = {isa = PBXBuildFile; fileRef = 6AE01E431653F998003BFF3C /* Default.png */; };
		6AE01E461653F998003BFF3C /* Default@2x.png in Resources */ = {isa = PBXBuildFile; fileRef = 6AE01E451653F998003BFF3C /* Default@2x.png */; };
		6AE01E481653F998003BFF3C /* Default-568h@2x.png in Resources */ = {isa = PBXBuildFile; fileRef = 6AE01E471653F998003BFF3C /* Default-568h@2x.png */; };
		6AE01E4B1653F998003BFF3C /* ViewController.m in Sources */ = {isa = PBXBuildFile; fileRef = 6AE01E4A1653F998003BFF3C /* ViewController.m */; };
		6AE01E4E1653F998003BFF3C /* ViewController.xib in Resources */ = {isa = PBXBuildFile; fileRef = 6AE01E4C1653F998003BFF3C /* ViewController.xib */; };
		6AE01E551653FC1B003BFF3C /* MapKit.framework in Frameworks */ = {isa = PBXBuildFile; fileRef = 6AE01E541653FC1B003BFF3C /* MapKit.framework */; };
		6AE01E5F1653FFCB003BFF3C /* CoreLocation.framework in Frameworks */ = {isa = PBXBuildFile; fileRef = 6AE01E5E1653FFCB003BFF3C /* CoreLocation.framework */; };
		6AE01E63165408DB003BFF3C /* MapAnnotation.m in Sources */ = {isa = PBXBuildFile; fileRef = 6AE01E62165408DB003BFF3C /* MapAnnotation.m */; };
		6AE01E6716541734003BFF3C /* CustomCell.m in Sources */ = {isa = PBXBuildFile; fileRef = 6AE01E6516541734003BFF3C /* CustomCell.m */; };
		6AE01E6816541734003BFF3C /* CustomCell.xib in Resources */ = {isa = PBXBuildFile; fileRef = 6AE01E6616541734003BFF3C /* CustomCell.xib */; };
		6AE01E6C16542555003BFF3C /* DetailViewController.m in Sources */ = {isa = PBXBuildFile; fileRef = 6AE01E6A16542555003BFF3C /* DetailViewController.m */; };
		6AE01E6D16542555003BFF3C /* DetailViewController.xib in Resources */ = {isa = PBXBuildFile; fileRef = 6AE01E6B16542555003BFF3C /* DetailViewController.xib */; };
/* End PBXBuildFile section */

/* Begin PBXFileReference section */
		28A35E8B1655216F00A17EA8 /* navbar.png */ = {isa = PBXFileReference; lastKnownFileType = image.png; path = navbar.png; sourceTree = "<group>"; };
		28A35E981655226C00A17EA8 /* AddViewController.h */ = {isa = PBXFileReference; fileEncoding = 4; lastKnownFileType = sourcecode.c.h; path = AddViewController.h; sourceTree = "<group>"; };
		28A35E991655226C00A17EA8 /* AddViewController.m */ = {isa = PBXFileReference; fileEncoding = 4; lastKnownFileType = sourcecode.c.objc; path = AddViewController.m; sourceTree = "<group>"; };
		28A35E9A1655226C00A17EA8 /* AddViewController.xib */ = {isa = PBXFileReference; fileEncoding = 4; lastKnownFileType = file.xib; path = AddViewController.xib; sourceTree = "<group>"; };
		28A35E9D165522CB00A17EA8 /* buttonAdd.png */ = {isa = PBXFileReference; lastKnownFileType = image.png; path = buttonAdd.png; sourceTree = "<group>"; };
		28A35E9E165522CB00A17EA8 /* buttonAdd@2x.png */ = {isa = PBXFileReference; lastKnownFileType = image.png; path = "buttonAdd@2x.png"; sourceTree = "<group>"; };
		28A35EA1165522D700A17EA8 /* navbar@2x.png */ = {isa = PBXFileReference; lastKnownFileType = image.png; path = "navbar@2x.png"; sourceTree = "<group>"; };
		6AE01E2D1653F998003BFF3C /* ProjetoPlanteAqui.app */ = {isa = PBXFileReference; explicitFileType = wrapper.application; includeInIndex = 0; path = ProjetoPlanteAqui.app; sourceTree = BUILT_PRODUCTS_DIR; };
		6AE01E311653F998003BFF3C /* UIKit.framework */ = {isa = PBXFileReference; lastKnownFileType = wrapper.framework; name = UIKit.framework; path = System/Library/Frameworks/UIKit.framework; sourceTree = SDKROOT; };
		6AE01E331653F998003BFF3C /* Foundation.framework */ = {isa = PBXFileReference; lastKnownFileType = wrapper.framework; name = Foundation.framework; path = System/Library/Frameworks/Foundation.framework; sourceTree = SDKROOT; };
		6AE01E351653F998003BFF3C /* CoreGraphics.framework */ = {isa = PBXFileReference; lastKnownFileType = wrapper.framework; name = CoreGraphics.framework; path = System/Library/Frameworks/CoreGraphics.framework; sourceTree = SDKROOT; };
		6AE01E391653F998003BFF3C /* ProjetoPlanteAqui-Info.plist */ = {isa = PBXFileReference; lastKnownFileType = text.plist.xml; path = "ProjetoPlanteAqui-Info.plist"; sourceTree = "<group>"; };
		6AE01E3B1653F998003BFF3C /* en */ = {isa = PBXFileReference; lastKnownFileType = text.plist.strings; name = en; path = en.lproj/InfoPlist.strings; sourceTree = "<group>"; };
		6AE01E3D1653F998003BFF3C /* main.m */ = {isa = PBXFileReference; lastKnownFileType = sourcecode.c.objc; path = main.m; sourceTree = "<group>"; };
		6AE01E3F1653F998003BFF3C /* ProjetoPlanteAqui-Prefix.pch */ = {isa = PBXFileReference; lastKnownFileType = sourcecode.c.h; path = "ProjetoPlanteAqui-Prefix.pch"; sourceTree = "<group>"; };
		6AE01E401653F998003BFF3C /* AppDelegate.h */ = {isa = PBXFileReference; lastKnownFileType = sourcecode.c.h; path = AppDelegate.h; sourceTree = "<group>"; };
		6AE01E411653F998003BFF3C /* AppDelegate.m */ = {isa = PBXFileReference; lastKnownFileType = sourcecode.c.objc; path = AppDelegate.m; sourceTree = "<group>"; };
		6AE01E431653F998003BFF3C /* Default.png */ = {isa = PBXFileReference; lastKnownFileType = image.png; path = Default.png; sourceTree = "<group>"; };
		6AE01E451653F998003BFF3C /* Default@2x.png */ = {isa = PBXFileReference; lastKnownFileType = image.png; path = "Default@2x.png"; sourceTree = "<group>"; };
		6AE01E471653F998003BFF3C /* Default-568h@2x.png */ = {isa = PBXFileReference; lastKnownFileType = image.png; path = "Default-568h@2x.png"; sourceTree = "<group>"; };
		6AE01E491653F998003BFF3C /* ViewController.h */ = {isa = PBXFileReference; lastKnownFileType = sourcecode.c.h; path = ViewController.h; sourceTree = "<group>"; };
		6AE01E4A1653F998003BFF3C /* ViewController.m */ = {isa = PBXFileReference; lastKnownFileType = sourcecode.c.objc; path = ViewController.m; sourceTree = "<group>"; };
		6AE01E4D1653F998003BFF3C /* en */ = {isa = PBXFileReference; lastKnownFileType = file.xib; name = en; path = en.lproj/ViewController.xib; sourceTree = "<group>"; };
		6AE01E541653FC1B003BFF3C /* MapKit.framework */ = {isa = PBXFileReference; lastKnownFileType = wrapper.framework; name = MapKit.framework; path = System/Library/Frameworks/MapKit.framework; sourceTree = SDKROOT; };
		6AE01E5E1653FFCB003BFF3C /* CoreLocation.framework */ = {isa = PBXFileReference; lastKnownFileType = wrapper.framework; name = CoreLocation.framework; path = System/Library/Frameworks/CoreLocation.framework; sourceTree = SDKROOT; };
		6AE01E61165408DB003BFF3C /* MapAnnotation.h */ = {isa = PBXFileReference; fileEncoding = 4; lastKnownFileType = sourcecode.c.h; path = MapAnnotation.h; sourceTree = "<group>"; };
		6AE01E62165408DB003BFF3C /* MapAnnotation.m */ = {isa = PBXFileReference; fileEncoding = 4; lastKnownFileType = sourcecode.c.objc; path = MapAnnotation.m; sourceTree = "<group>"; };
		6AE01E6416541734003BFF3C /* CustomCell.h */ = {isa = PBXFileReference; fileEncoding = 4; lastKnownFileType = sourcecode.c.h; path = CustomCell.h; sourceTree = "<group>"; };
		6AE01E6516541734003BFF3C /* CustomCell.m */ = {isa = PBXFileReference; fileEncoding = 4; lastKnownFileType = sourcecode.c.objc; path = CustomCell.m; sourceTree = "<group>"; };
		6AE01E6616541734003BFF3C /* CustomCell.xib */ = {isa = PBXFileReference; fileEncoding = 4; lastKnownFileType = file.xib; path = CustomCell.xib; sourceTree = "<group>"; };
		6AE01E6916542555003BFF3C /* DetailViewController.h */ = {isa = PBXFileReference; fileEncoding = 4; lastKnownFileType = sourcecode.c.h; path = DetailViewController.h; sourceTree = "<group>"; };
		6AE01E6A16542555003BFF3C /* DetailViewController.m */ = {isa = PBXFileReference; fileEncoding = 4; lastKnownFileType = sourcecode.c.objc; path = DetailViewController.m; sourceTree = "<group>"; };
		6AE01E6B16542555003BFF3C /* DetailViewController.xib */ = {isa = PBXFileReference; fileEncoding = 4; lastKnownFileType = file.xib; path = DetailViewController.xib; sourceTree = "<group>"; };
/* End PBXFileReference section */

/* Begin PBXFrameworksBuildPhase section */
		6AE01E2A1653F998003BFF3C /* Frameworks */ = {
			isa = PBXFrameworksBuildPhase;
			buildActionMask = 2147483647;
			files = (
				6AE01E5F1653FFCB003BFF3C /* CoreLocation.framework in Frameworks */,
				6AE01E551653FC1B003BFF3C /* MapKit.framework in Frameworks */,
				6AE01E321653F998003BFF3C /* UIKit.framework in Frameworks */,
				6AE01E341653F998003BFF3C /* Foundation.framework in Frameworks */,
				6AE01E361653F998003BFF3C /* CoreGraphics.framework in Frameworks */,
			);
			runOnlyForDeploymentPostprocessing = 0;
		};
/* End PBXFrameworksBuildPhase section */

/* Begin PBXGroup section */
		28A35E8E165521EB00A17EA8 /* Images */ = {
			isa = PBXGroup;
			children = (
				28A35E9D165522CB00A17EA8 /* buttonAdd.png */,
				28A35E9E165522CB00A17EA8 /* buttonAdd@2x.png */,
				28A35E8B1655216F00A17EA8 /* navbar.png */,
				28A35EA1165522D700A17EA8 /* navbar@2x.png */,
			);
			name = Images;
			sourceTree = "<group>";
		};
		28A35E8F1655220000A17EA8 /* CustomClasses */ = {
			isa = PBXGroup;
			children = (
				6AE01E61165408DB003BFF3C /* MapAnnotation.h */,
				6AE01E62165408DB003BFF3C /* MapAnnotation.m */,
				6AE01E6416541734003BFF3C /* CustomCell.h */,
				6AE01E6516541734003BFF3C /* CustomCell.m */,
				6AE01E6616541734003BFF3C /* CustomCell.xib */,
			);
			name = CustomClasses;
			sourceTree = "<group>";
		};
		6AE01E221653F998003BFF3C = {
			isa = PBXGroup;
			children = (
				6AE01E5E1653FFCB003BFF3C /* CoreLocation.framework */,
				6AE01E541653FC1B003BFF3C /* MapKit.framework */,
				6AE01E371653F998003BFF3C /* ProjetoPlanteAqui */,
				6AE01E301653F998003BFF3C /* Frameworks */,
				6AE01E2E1653F998003BFF3C /* Products */,
			);
			sourceTree = "<group>";
		};
		6AE01E2E1653F998003BFF3C /* Products */ = {
			isa = PBXGroup;
			children = (
				6AE01E2D1653F998003BFF3C /* ProjetoPlanteAqui.app */,
			);
			name = Products;
			sourceTree = "<group>";
		};
		6AE01E301653F998003BFF3C /* Frameworks */ = {
			isa = PBXGroup;
			children = (
				6AE01E311653F998003BFF3C /* UIKit.framework */,
				6AE01E331653F998003BFF3C /* Foundation.framework */,
				6AE01E351653F998003BFF3C /* CoreGraphics.framework */,
			);
			name = Frameworks;
			sourceTree = "<group>";
		};
		6AE01E371653F998003BFF3C /* ProjetoPlanteAqui */ = {
			isa = PBXGroup;
			children = (
				6AE01E401653F998003BFF3C /* AppDelegate.h */,
				6AE01E411653F998003BFF3C /* AppDelegate.m */,
				6AE01E491653F998003BFF3C /* ViewController.h */,
				6AE01E4A1653F998003BFF3C /* ViewController.m */,
				6AE01E4C1653F998003BFF3C /* ViewController.xib */,
				6AE01E6916542555003BFF3C /* DetailViewController.h */,
				6AE01E6A16542555003BFF3C /* DetailViewController.m */,
				6AE01E6B16542555003BFF3C /* DetailViewController.xib */,
				28A35E981655226C00A17EA8 /* AddViewController.h */,
				28A35E991655226C00A17EA8 /* AddViewController.m */,
				28A35E9A1655226C00A17EA8 /* AddViewController.xib */,
				6AE01E381653F998003BFF3C /* Supporting Files */,
			);
			path = ProjetoPlanteAqui;
			sourceTree = "<group>";
		};
		6AE01E381653F998003BFF3C /* Supporting Files */ = {
			isa = PBXGroup;
			children = (
				28A35E8F1655220000A17EA8 /* CustomClasses */,
				28A35E8E165521EB00A17EA8 /* Images */,
				6AE01E391653F998003BFF3C /* ProjetoPlanteAqui-Info.plist */,
				6AE01E3A1653F998003BFF3C /* InfoPlist.strings */,
				6AE01E3D1653F998003BFF3C /* main.m */,
				6AE01E3F1653F998003BFF3C /* ProjetoPlanteAqui-Prefix.pch */,
				6AE01E431653F998003BFF3C /* Default.png */,
				6AE01E451653F998003BFF3C /* Default@2x.png */,
				6AE01E471653F998003BFF3C /* Default-568h@2x.png */,
			);
			name = "Supporting Files";
			sourceTree = "<group>";
		};
/* End PBXGroup section */

/* Begin PBXNativeTarget section */
		6AE01E2C1653F998003BFF3C /* ProjetoPlanteAqui */ = {
			isa = PBXNativeTarget;
			buildConfigurationList = 6AE01E511653F998003BFF3C /* Build configuration list for PBXNativeTarget "ProjetoPlanteAqui" */;
			buildPhases = (
				6AE01E291653F998003BFF3C /* Sources */,
				6AE01E2A1653F998003BFF3C /* Frameworks */,
				6AE01E2B1653F998003BFF3C /* Resources */,
			);
			buildRules = (
			);
			dependencies = (
			);
			name = ProjetoPlanteAqui;
			productName = ProjetoPlanteAqui;
			productReference = 6AE01E2D1653F998003BFF3C /* ProjetoPlanteAqui.app */;
			productType = "com.apple.product-type.application";
		};
/* End PBXNativeTarget section */

/* Begin PBXProject section */
		6AE01E241653F998003BFF3C /* Project object */ = {
			isa = PBXProject;
			attributes = {
				LastUpgradeCheck = 0450;
				ORGANIZATIONNAME = "Renato Kuroe";
			};
			buildConfigurationList = 6AE01E271653F998003BFF3C /* Build configuration list for PBXProject "ProjetoPlanteAqui" */;
			compatibilityVersion = "Xcode 3.2";
			developmentRegion = English;
			hasScannedForEncodings = 0;
			knownRegions = (
				en,
			);
			mainGroup = 6AE01E221653F998003BFF3C;
			productRefGroup = 6AE01E2E1653F998003BFF3C /* Products */;
			projectDirPath = "";
			projectRoot = "";
			targets = (
				6AE01E2C1653F998003BFF3C /* ProjetoPlanteAqui */,
			);
		};
/* End PBXProject section */

/* Begin PBXResourcesBuildPhase section */
		6AE01E2B1653F998003BFF3C /* Resources */ = {
			isa = PBXResourcesBuildPhase;
			buildActionMask = 2147483647;
			files = (
				6AE01E3C1653F998003BFF3C /* InfoPlist.strings in Resources */,
				6AE01E441653F998003BFF3C /* Default.png in Resources */,
				6AE01E461653F998003BFF3C /* Default@2x.png in Resources */,
				6AE01E481653F998003BFF3C /* Default-568h@2x.png in Resources */,
				6AE01E4E1653F998003BFF3C /* ViewController.xib in Resources */,
				6AE01E6816541734003BFF3C /* CustomCell.xib in Resources */,
				6AE01E6D16542555003BFF3C /* DetailViewController.xib in Resources */,
				28A35E8C1655216F00A17EA8 /* navbar.png in Resources */,
				28A35E9C1655226C00A17EA8 /* AddViewController.xib in Resources */,
				28A35E9F165522CB00A17EA8 /* buttonAdd.png in Resources */,
				28A35EA0165522CB00A17EA8 /* buttonAdd@2x.png in Resources */,
				28A35EA2165522D700A17EA8 /* navbar@2x.png in Resources */,
			);
			runOnlyForDeploymentPostprocessing = 0;
		};
/* End PBXResourcesBuildPhase section */

/* Begin PBXSourcesBuildPhase section */
		6AE01E291653F998003BFF3C /* Sources */ = {
			isa = PBXSourcesBuildPhase;
			buildActionMask = 2147483647;
			files = (
				6AE01E3E1653F998003BFF3C /* main.m in Sources */,
				6AE01E421653F998003BFF3C /* AppDelegate.m in Sources */,
				6AE01E4B1653F998003BFF3C /* ViewController.m in Sources */,
				6AE01E63165408DB003BFF3C /* MapAnnotation.m in Sources */,
				6AE01E6716541734003BFF3C /* CustomCell.m in Sources */,
				6AE01E6C16542555003BFF3C /* DetailViewController.m in Sources */,
				28A35E9B1655226C00A17EA8 /* AddViewController.m in Sources */,
			);
			runOnlyForDeploymentPostprocessing = 0;
		};
/* End PBXSourcesBuildPhase section */

/* Begin PBXVariantGroup section */
		6AE01E3A1653F998003BFF3C /* InfoPlist.strings */ = {
			isa = PBXVariantGroup;
			children = (
				6AE01E3B1653F998003BFF3C /* en */,
			);
			name = InfoPlist.strings;
			sourceTree = "<group>";
		};
		6AE01E4C1653F998003BFF3C /* ViewController.xib */ = {
			isa = PBXVariantGroup;
			children = (
				6AE01E4D1653F998003BFF3C /* en */,
			);
			name = ViewController.xib;
			sourceTree = "<group>";
		};
/* End PBXVariantGroup section */

/* Begin XCBuildConfiguration section */
		6AE01E4F1653F998003BFF3C /* Debug */ = {
			isa = XCBuildConfiguration;
			buildSettings = {
				ALWAYS_SEARCH_USER_PATHS = NO;
				CLANG_CXX_LANGUAGE_STANDARD = "gnu++0x";
				CLANG_CXX_LIBRARY = "libc++";
				CLANG_WARN_EMPTY_BODY = YES;
				CLANG_WARN__DUPLICATE_METHOD_MATCH = YES;
				"CODE_SIGN_IDENTITY[sdk=iphoneos*]" = "iPhone Developer";
				COPY_PHASE_STRIP = NO;
				GCC_C_LANGUAGE_STANDARD = gnu99;
				GCC_DYNAMIC_NO_PIC = NO;
				GCC_OPTIMIZATION_LEVEL = 0;
				GCC_PREPROCESSOR_DEFINITIONS = (
					"DEBUG=1",
					"$(inherited)",
				);
				GCC_SYMBOLS_PRIVATE_EXTERN = NO;
				GCC_WARN_ABOUT_RETURN_TYPE = YES;
				GCC_WARN_UNINITIALIZED_AUTOS = YES;
				GCC_WARN_UNUSED_VARIABLE = YES;
				IPHONEOS_DEPLOYMENT_TARGET = 5.1;
				ONLY_ACTIVE_ARCH = YES;
				SDKROOT = iphoneos;
			};
			name = Debug;
		};
		6AE01E501653F998003BFF3C /* Release */ = {
			isa = XCBuildConfiguration;
			buildSettings = {
				ALWAYS_SEARCH_USER_PATHS = NO;
				CLANG_CXX_LANGUAGE_STANDARD = "gnu++0x";
				CLANG_CXX_LIBRARY = "libc++";
				CLANG_WARN_EMPTY_BODY = YES;
				CLANG_WARN__DUPLICATE_METHOD_MATCH = YES;
				"CODE_SIGN_IDENTITY[sdk=iphoneos*]" = "iPhone Developer";
				COPY_PHASE_STRIP = YES;
				GCC_C_LANGUAGE_STANDARD = gnu99;
				GCC_WARN_ABOUT_RETURN_TYPE = YES;
				GCC_WARN_UNINITIALIZED_AUTOS = YES;
				GCC_WARN_UNUSED_VARIABLE = YES;
				IPHONEOS_DEPLOYMENT_TARGET = 5.1;
				OTHER_CFLAGS = "-DNS_BLOCK_ASSERTIONS=1";
				SDKROOT = iphoneos;
				VALIDATE_PRODUCT = YES;
			};
			name = Release;
		};
		6AE01E521653F998003BFF3C /* Debug */ = {
			isa = XCBuildConfiguration;
			buildSettings = {
				GCC_PRECOMPILE_PREFIX_HEADER = YES;
				GCC_PREFIX_HEADER = "ProjetoPlanteAqui/ProjetoPlanteAqui-Prefix.pch";
				INFOPLIST_FILE = "ProjetoPlanteAqui/ProjetoPlanteAqui-Info.plist";
				PRODUCT_NAME = "$(TARGET_NAME)";
				WRAPPER_EXTENSION = app;
			};
			name = Debug;
		};
		6AE01E531653F998003BFF3C /* Release */ = {
			isa = XCBuildConfiguration;
			buildSettings = {
				GCC_PRECOMPILE_PREFIX_HEADER = YES;
				GCC_PREFIX_HEADER = "ProjetoPlanteAqui/ProjetoPlanteAqui-Prefix.pch";
				INFOPLIST_FILE = "ProjetoPlanteAqui/ProjetoPlanteAqui-Info.plist";
				PRODUCT_NAME = "$(TARGET_NAME)";
				WRAPPER_EXTENSION = app;
			};
			name = Release;
		};
/* End XCBuildConfiguration section */

/* Begin XCConfigurationList section */
		6AE01E271653F998003BFF3C /* Build configuration list for PBXProject "ProjetoPlanteAqui" */ = {
			isa = XCConfigurationList;
			buildConfigurations = (
				6AE01E4F1653F998003BFF3C /* Debug */,
				6AE01E501653F998003BFF3C /* Release */,
			);
			defaultConfigurationIsVisible = 0;
			defaultConfigurationName = Release;
		};
		6AE01E511653F998003BFF3C /* Build configuration list for PBXNativeTarget "ProjetoPlanteAqui" */ = {
			isa = XCConfigurationList;
			buildConfigurations = (
				6AE01E521653F998003BFF3C /* Debug */,
				6AE01E531653F998003BFF3C /* Release */,
			);
			defaultConfigurationIsVisible = 0;
			defaultConfigurationName = Release;
		};
/* End XCConfigurationList section */
	};
	rootObject = 6AE01E241653F998003BFF3C /* Project object */;
}
